
Microsoft Visual Studio Solution File, Format Version 12.00
# Visual Studio 2013
VisualStudioVersion = 12.0.40629.0
MinimumVisualStudioVersion = 10.0.40219.1
Project("{911E67C6-3D85-4FCE-B560-20A9C3E3FF48}") = "H28F", "H28F.exe", "{E88822ED-1F1F-4853-A8AB-577DACB7A4E3}"
	ProjectSection(DebuggerProjectSystem) = preProject
		PortSupplier = 00000000-0000-0000-0000-000000000000
		Executable = \\mis\【WORK】\B2\【B2共通】\情報リテラシーII\(1)\レジシステム 先輩のデモ\H28F.exe
		RemoteMachine = ICS705
		StartingDirectory = \\mis\【WORK】\B2\【B2共通】\情報リテラシーII\(1)\レジシステム 先輩のデモ
		Environment = 既定
		LaunchingEngine = 00000000-0000-0000-0000-000000000000
		UseLegacyDebugEngines = No
		LaunchSQLEngine = No
		AttachLaunchAction = No
	EndProjectSection
EndProject
Global
	GlobalSection(SolutionConfigurationPlatforms) = preSolution
		Debug|x86 = Debug|x86
	EndGlobalSection
	GlobalSection(ProjectConfigurationPlatforms) = postSolution
		{E88822ED-1F1F-4853-A8AB-577DACB7A4E3}.Debug|x86.ActiveCfg = Debug|x86
	EndGlobalSection
	GlobalSection(SolutionProperties) = preSolution
		HideSolutionNode = FALSE
	EndGlobalSection
EndGlobal
